
Microsoft Visual Studio Solution File, Format Version 12.00
# Visual Studio Version 16
VisualStudioVersion = 16.0.29613.14
MinimumVisualStudioVersion = 10.0.40219.1
Project("{FAE04EC0-301F-11D3-BF4B-00C04F79EFBC}") = "Pedidos", "Pedidos\Pedidos.csproj", "{728554C4-69EB-4253-B327-42E43DE6E67E}"
EndProject
Global
	GlobalSection(SolutionConfigurationPlatforms) = preSolution
		Debug|Any CPU = Debug|Any CPU
		Release|Any CPU = Release|Any CPU
	EndGlobalSection
	GlobalSection(ProjectConfigurationPlatforms) = postSolution
		{728554C4-69EB-4253-B327-42E43DE6E67E}.Debug|Any CPU.ActiveCfg = Debug|Any CPU
		{728554C4-69EB-4253-B327-42E43DE6E67E}.Debug|Any CPU.Build.0 = Debug|Any CPU
		{728554C4-69EB-4253-B327-42E43DE6E67E}.Release|Any CPU.ActiveCfg = Release|Any CPU
		{728554C4-69EB-4253-B327-42E43DE6E67E}.Release|Any CPU.Build.0 = Release|Any CPU
	EndGlobalSection
	GlobalSection(SolutionProperties) = preSolution
		HideSolutionNode = FALSE
	EndGlobalSection
	GlobalSection(ExtensibilityGlobals) = postSolution
		SolutionGuid = {4E3C5085-AE77-4943-9EA1-AC26962D1475}
	EndGlobalSection
EndGlobal
